
Microsoft Visual Studio Solution File, Format Version 12.00
# Visual Studio Version 17
VisualStudioVersion = 17.2.32516.85
MinimumVisualStudioVersion = 10.0.40219.1
Project("{FAE04EC0-301F-11D3-BF4B-00C04F79EFBC}") = "Unitable.API", "Unitable.API.csproj", "{783D976C-21E8-4174-9CFD-4D956F72EF1F}"
EndProject
Project("{2150E333-8FDC-42A3-9474-1A3956D46DE8}") = "01. Entities", "01. Entities", "{3EC3140C-E2D5-4150-815F-432378213999}"
EndProject
Project("{2150E333-8FDC-42A3-9474-1A3956D46DE8}") = "02. DataAccess", "02. DataAccess", "{394B46DA-8123-4394-A749-F3325B022E56}"
EndProject
Project("{2150E333-8FDC-42A3-9474-1A3956D46DE8}") = "03. Business", "03. Business", "{4B6C36F7-9C57-4D32-8AFF-C1281CD17667}"
EndProject
Project("{2150E333-8FDC-42A3-9474-1A3956D46DE8}") = "04. DTO", "04. DTO", "{B0BD8B45-2443-4541-AE33-22852C0EC332}"
EndProject
Project("{2150E333-8FDC-42A3-9474-1A3956D46DE8}") = "05. API", "05. API", "{51FD6B7F-45E2-4A82-AA3E-CAF49DCDCF94}"
EndProject
Project("{FAE04EC0-301F-11D3-BF4B-00C04F79EFBC}") = "Unitable.Entities", "..\Unitable.Entities\Unitable.Entities.csproj", "{E411C5CA-8B45-4CC0-B4EC-7C7B3EC6CCB1}"
EndProject
Project("{FAE04EC0-301F-11D3-BF4B-00C04F79EFBC}") = "Unitable.DataAccess", "..\Unitable.DataAccess\Unitable.DataAccess.csproj", "{D76FE907-9829-4AC9-B214-DD1099459F1C}"
EndProject
Project("{FAE04EC0-301F-11D3-BF4B-00C04F79EFBC}") = "Unitable.Business", "..\Unitable.Business\Unitable.Business.csproj", "{5271A0D9-55D6-4512-AE18-6A38746595EE}"
EndProject
Project("{FAE04EC0-301F-11D3-BF4B-00C04F79EFBC}") = "Unitable.Dto", "..\Unitable.Dto\Unitable.Dto.csproj", "{076128AF-992C-49D2-B569-292EF21D9FD0}"
EndProject
Global
	GlobalSection(SolutionConfigurationPlatforms) = preSolution
		Debug|Any CPU = Debug|Any CPU
		Release|Any CPU = Release|Any CPU
	EndGlobalSection
	GlobalSection(ProjectConfigurationPlatforms) = postSolution
		{783D976C-21E8-4174-9CFD-4D956F72EF1F}.Debug|Any CPU.ActiveCfg = Debug|Any CPU
		{783D976C-21E8-4174-9CFD-4D956F72EF1F}.Debug|Any CPU.Build.0 = Debug|Any CPU
		{783D976C-21E8-4174-9CFD-4D956F72EF1F}.Release|Any CPU.ActiveCfg = Release|Any CPU
		{783D976C-21E8-4174-9CFD-4D956F72EF1F}.Release|Any CPU.Build.0 = Release|Any CPU
		{E411C5CA-8B45-4CC0-B4EC-7C7B3EC6CCB1}.Debug|Any CPU.ActiveCfg = Debug|Any CPU
		{E411C5CA-8B45-4CC0-B4EC-7C7B3EC6CCB1}.Debug|Any CPU.Build.0 = Debug|Any CPU
		{E411C5CA-8B45-4CC0-B4EC-7C7B3EC6CCB1}.Release|Any CPU.ActiveCfg = Release|Any CPU
		{E411C5CA-8B45-4CC0-B4EC-7C7B3EC6CCB1}.Release|Any CPU.Build.0 = Release|Any CPU
		{D76FE907-9829-4AC9-B214-DD1099459F1C}.Debug|Any CPU.ActiveCfg = Debug|Any CPU
		{D76FE907-9829-4AC9-B214-DD1099459F1C}.Debug|Any CPU.Build.0 = Debug|Any CPU
		{D76FE907-9829-4AC9-B214-DD1099459F1C}.Release|Any CPU.ActiveCfg = Release|Any CPU
		{D76FE907-9829-4AC9-B214-DD1099459F1C}.Release|Any CPU.Build.0 = Release|Any CPU
		{5271A0D9-55D6-4512-AE18-6A38746595EE}.Debug|Any CPU.ActiveCfg = Debug|Any CPU
		{5271A0D9-55D6-4512-AE18-6A38746595EE}.Debug|Any CPU.Build.0 = Debug|Any CPU
		{5271A0D9-55D6-4512-AE18-6A38746595EE}.Release|Any CPU.ActiveCfg = Release|Any CPU
		{5271A0D9-55D6-4512-AE18-6A38746595EE}.Release|Any CPU.Build.0 = Release|Any CPU
		{076128AF-992C-49D2-B569-292EF21D9FD0}.Debug|Any CPU.ActiveCfg = Debug|Any CPU
		{076128AF-992C-49D2-B569-292EF21D9FD0}.Debug|Any CPU.Build.0 = Debug|Any CPU
		{076128AF-992C-49D2-B569-292EF21D9FD0}.Release|Any CPU.ActiveCfg = Release|Any CPU
		{076128AF-992C-49D2-B569-292EF21D9FD0}.Release|Any CPU.Build.0 = Release|Any CPU
	EndGlobalSection
	GlobalSection(SolutionProperties) = preSolution
		HideSolutionNode = FALSE
	EndGlobalSection
	GlobalSection(NestedProjects) = preSolution
		{783D976C-21E8-4174-9CFD-4D956F72EF1F} = {51FD6B7F-45E2-4A82-AA3E-CAF49DCDCF94}
		{E411C5CA-8B45-4CC0-B4EC-7C7B3EC6CCB1} = {3EC3140C-E2D5-4150-815F-432378213999}
		{D76FE907-9829-4AC9-B214-DD1099459F1C} = {394B46DA-8123-4394-A749-F3325B022E56}
		{5271A0D9-55D6-4512-AE18-6A38746595EE} = {4B6C36F7-9C57-4D32-8AFF-C1281CD17667}
		{076128AF-992C-49D2-B569-292EF21D9FD0} = {B0BD8B45-2443-4541-AE33-22852C0EC332}
	EndGlobalSection
	GlobalSection(ExtensibilityGlobals) = postSolution
		SolutionGuid = {EDAEE8BD-0B30-44BC-92DF-50D48D238206}
	EndGlobalSection
EndGlobal
